
Microsoft Visual Studio Solution File, Format Version 12.00
# Visual Studio Version 17
VisualStudioVersion = 17.0.32112.339
MinimumVisualStudioVersion = 10.0.40219.1
Project("{9A19103F-16F7-4668-BE54-9A1E7A4F7556}") = "GildedRose", "src\GildedRose\GildedRose.csproj", "{D1597070-54A9-4558-B7BD-A46318534754}"
EndProject
Project("{9A19103F-16F7-4668-BE54-9A1E7A4F7556}") = "GildedRose.Tests", "src\GildedRose.Tests\GildedRose.Tests.csproj", "{BA407AD0-A19A-47D7-90D0-6DD9369DCD98}"
EndProject
Global
	GlobalSection(SolutionConfigurationPlatforms) = preSolution
		Debug|Any CPU = Debug|Any CPU
		Release|Any CPU = Release|Any CPU
	EndGlobalSection
	GlobalSection(ProjectConfigurationPlatforms) = postSolution
		{D1597070-54A9-4558-B7BD-A46318534754}.Debug|Any CPU.ActiveCfg = Debug|Any CPU
		{D1597070-54A9-4558-B7BD-A46318534754}.Debug|Any CPU.Build.0 = Debug|Any CPU
		{D1597070-54A9-4558-B7BD-A46318534754}.Release|Any CPU.ActiveCfg = Release|Any CPU
		{D1597070-54A9-4558-B7BD-A46318534754}.Release|Any CPU.Build.0 = Release|Any CPU
		{BA407AD0-A19A-47D7-90D0-6DD9369DCD98}.Debug|Any CPU.ActiveCfg = Debug|Any CPU
		{BA407AD0-A19A-47D7-90D0-6DD9369DCD98}.Debug|Any CPU.Build.0 = Debug|Any CPU
		{BA407AD0-A19A-47D7-90D0-6DD9369DCD98}.Release|Any CPU.ActiveCfg = Release|Any CPU
		{BA407AD0-A19A-47D7-90D0-6DD9369DCD98}.Release|Any CPU.Build.0 = Release|Any CPU
	EndGlobalSection
	GlobalSection(SolutionProperties) = preSolution
		HideSolutionNode = FALSE
	EndGlobalSection
	GlobalSection(ExtensibilityGlobals) = postSolution
		SolutionGuid = {3D29D765-14DE-4A83-952A-30C92962623F}
	EndGlobalSection
EndGlobal
